
Microsoft Visual Studio Solution File, Format Version 12.00
# Visual Studio Version 17
VisualStudioVersion = 17.5.33530.505
MinimumVisualStudioVersion = 10.0.40219.1
Project("{FAE04EC0-301F-11D3-BF4B-00C04F79EFBC}") = "WindowsFormsApp1", "WindowsFormsApp1.csproj", "{E107837B-9D74-4D9E-AB31-6DF8DC17E86D}"
EndProject
Global
	GlobalSection(SolutionConfigurationPlatforms) = preSolution
		Debug|Any CPU = Debug|Any CPU
		Release|Any CPU = Release|Any CPU
	EndGlobalSection
	GlobalSection(ProjectConfigurationPlatforms) = postSolution
		{E107837B-9D74-4D9E-AB31-6DF8DC17E86D}.Debug|Any CPU.ActiveCfg = Debug|Any CPU
		{E107837B-9D74-4D9E-AB31-6DF8DC17E86D}.Debug|Any CPU.Build.0 = Debug|Any CPU
		{E107837B-9D74-4D9E-AB31-6DF8DC17E86D}.Release|Any CPU.ActiveCfg = Release|Any CPU
		{E107837B-9D74-4D9E-AB31-6DF8DC17E86D}.Release|Any CPU.Build.0 = Release|Any CPU
	EndGlobalSection
	GlobalSection(SolutionProperties) = preSolution
		HideSolutionNode = FALSE
	EndGlobalSection
	GlobalSection(ExtensibilityGlobals) = postSolution
		SolutionGuid = {6B5748F7-BF3E-44B1-AC73-C4239C730CB5}
	EndGlobalSection
EndGlobal
